# This file is generated by running "yarn install" inside your project.
# Manual changes might be lost - proceed with caution!

__metadata:
  version: 8
  cacheKey: 10c0

"@types/node@npm:^20.11.30":
  version: 20.11.30
  resolution: "@types/node@npm:20.11.30"
  dependencies:
    undici-types: "npm:~5.26.4"
  checksum: 10c0/867cfaf969c6d8850d8d7304e7ab739898a50ecb1395b61ff2335644f5f48d7a46fbc4a14cee967aed65ec134b61a746edae70d1f32f11321ccf29165e3bc4e6
  languageName: node
  linkType: hard

"gource@workspace:.":
  version: 0.0.0-use.local
  resolution: "gource@workspace:."
  dependencies:
    "@types/node": "npm:^20.11.30"
  peerDependencies:
    zx: "*"
  languageName: unknown
  linkType: soft

"undici-types@npm:~5.26.4":
  version: 5.26.5
  resolution: "undici-types@npm:5.26.5"
  checksum: 10c0/bb673d7876c2d411b6eb6c560e0c571eef4a01c1c19925175d16e3a30c4c428181fb8d7ae802a261f283e4166a0ac435e2f505743aa9e45d893f9a3df017b501
  languageName: node
  linkType: hard
